
Microsoft Visual Studio Solution File, Format Version 12.00
# Visual Studio Version 17
VisualStudioVersion = 17.5.33530.505
MinimumVisualStudioVersion = 10.0.40219.1
Project("{9A19103F-16F7-4668-BE54-9A1E7A4F7556}") = "PaletteAnalyzer", "PaletteAnalyzer.csproj", "{84F728AF-A3A8-48DD-8EDA-7B91086621C1}"
EndProject
Global
	GlobalSection(SolutionConfigurationPlatforms) = preSolution
		Debug|Any CPU = Debug|Any CPU
		Release|Any CPU = Release|Any CPU
	EndGlobalSection
	GlobalSection(ProjectConfigurationPlatforms) = postSolution
		{84F728AF-A3A8-48DD-8EDA-7B91086621C1}.Debug|Any CPU.ActiveCfg = Debug|Any CPU
		{84F728AF-A3A8-48DD-8EDA-7B91086621C1}.Debug|Any CPU.Build.0 = Debug|Any CPU
		{84F728AF-A3A8-48DD-8EDA-7B91086621C1}.Release|Any CPU.ActiveCfg = Release|Any CPU
		{84F728AF-A3A8-48DD-8EDA-7B91086621C1}.Release|Any CPU.Build.0 = Release|Any CPU
	EndGlobalSection
	GlobalSection(SolutionProperties) = preSolution
		HideSolutionNode = FALSE
	EndGlobalSection
	GlobalSection(ExtensibilityGlobals) = postSolution
		SolutionGuid = {DADFC8B7-0078-4EDC-AFC5-89F163821A9E}
	EndGlobalSection
EndGlobal
