
Microsoft Visual Studio Solution File, Format Version 12.00
# Visual Studio Version 17
VisualStudioVersion = 17.11.35327.3
MinimumVisualStudioVersion = 10.0.40219.1
Project("{9A19103F-16F7-4668-BE54-9A1E7A4F7556}") = "PaletteAnalyzerKey", "PaletteAnalyzerKey.csproj", "{B79CEA31-E92B-43DC-AD6F-9E7D5723F5BA}"
EndProject
Global
	GlobalSection(SolutionConfigurationPlatforms) = preSolution
		Debug|Any CPU = Debug|Any CPU
		Release|Any CPU = Release|Any CPU
	EndGlobalSection
	GlobalSection(ProjectConfigurationPlatforms) = postSolution
		{B79CEA31-E92B-43DC-AD6F-9E7D5723F5BA}.Debug|Any CPU.ActiveCfg = Debug|Any CPU
		{B79CEA31-E92B-43DC-AD6F-9E7D5723F5BA}.Debug|Any CPU.Build.0 = Debug|Any CPU
		{B79CEA31-E92B-43DC-AD6F-9E7D5723F5BA}.Release|Any CPU.ActiveCfg = Release|Any CPU
		{B79CEA31-E92B-43DC-AD6F-9E7D5723F5BA}.Release|Any CPU.Build.0 = Release|Any CPU
	EndGlobalSection
	GlobalSection(SolutionProperties) = preSolution
		HideSolutionNode = FALSE
	EndGlobalSection
	GlobalSection(ExtensibilityGlobals) = postSolution
		SolutionGuid = {41A26677-36A3-447B-8670-96DB3D1A65FC}
	EndGlobalSection
EndGlobal
